// !$*UTF8*$!
{
	archiveVersion = 1;
	classes = {
	};
	objectVersion = 51;
	objects = {

/* Begin PBXBuildFile section */
		CF2E114EB1976EAA05CC44E9 /* Pods_Apple_Pay.framework in Frameworks */ = {isa = PBXBuildFile; fileRef = 7FA3F955DB249B2800B8DAE5 /* Pods_Apple_Pay.framework */; };
		F110080F23688AB7001F97B4 /* AppDelegate.swift in Sources */ = {isa = PBXBuildFile; fileRef = F110080E23688AB7001F97B4 /* AppDelegate.swift */; };
		F110081123688AB7001F97B4 /* SceneDelegate.swift in Sources */ = {isa = PBXBuildFile; fileRef = F110081023688AB7001F97B4 /* SceneDelegate.swift */; };
		F110081623688AB7001F97B4 /* Main.storyboard in Resources */ = {isa = PBXBuildFile; fileRef = F110081423688AB7001F97B4 /* Main.storyboard */; };
		F110081823688AB9001F97B4 /* Assets.xcassets in Resources */ = {isa = PBXBuildFile; fileRef = F110081723688AB9001F97B4 /* Assets.xcassets */; };
		F110081B23688AB9001F97B4 /* LaunchScreen.storyboard in Resources */ = {isa = PBXBuildFile; fileRef = F110081923688AB9001F97B4 /* LaunchScreen.storyboard */; };
		F110082423688B74001F97B4 /* ApplePayViewController.swift in Sources */ = {isa = PBXBuildFile; fileRef = F110082323688B74001F97B4 /* ApplePayViewController.swift */; };
/* End PBXBuildFile section */

/* Begin PBXFileReference section */
		7FA3F955DB249B2800B8DAE5 /* Pods_Apple_Pay.framework */ = {isa = PBXFileReference; explicitFileType = wrapper.framework; includeInIndex = 0; path = Pods_Apple_Pay.framework; sourceTree = BUILT_PRODUCTS_DIR; };
		C43DC387F6352BC4F18808A5 /* Pods-Apple Pay.debug.xcconfig */ = {isa = PBXFileReference; includeInIndex = 1; lastKnownFileType = text.xcconfig; name = "Pods-Apple Pay.debug.xcconfig"; path = "Target Support Files/Pods-Apple Pay/Pods-Apple Pay.debug.xcconfig"; sourceTree = "<group>"; };
		CEC1620EB796A68E0D93B9BC /* Pods-Apple Pay.release.xcconfig */ = {isa = PBXFileReference; includeInIndex = 1; lastKnownFileType = text.xcconfig; name = "Pods-Apple Pay.release.xcconfig"; path = "Target Support Files/Pods-Apple Pay/Pods-Apple Pay.release.xcconfig"; sourceTree = "<group>"; };
		F110080B23688AB7001F97B4 /* Apple Pay.app */ = {isa = PBXFileReference; explicitFileType = wrapper.application; includeInIndex = 0; path = "Apple Pay.app"; sourceTree = BUILT_PRODUCTS_DIR; };
		F110080E23688AB7001F97B4 /* AppDelegate.swift */ = {isa = PBXFileReference; lastKnownFileType = sourcecode.swift; path = AppDelegate.swift; sourceTree = "<group>"; };
		F110081023688AB7001F97B4 /* SceneDelegate.swift */ = {isa = PBXFileReference; lastKnownFileType = sourcecode.swift; path = SceneDelegate.swift; sourceTree = "<group>"; };
		F110081523688AB7001F97B4 /* Base */ = {isa = PBXFileReference; lastKnownFileType = file.storyboard; name = Base; path = Base.lproj/Main.storyboard; sourceTree = "<group>"; };
		F110081723688AB9001F97B4 /* Assets.xcassets */ = {isa = PBXFileReference; lastKnownFileType = folder.assetcatalog; path = Assets.xcassets; sourceTree = "<group>"; };
		F110081A23688AB9001F97B4 /* Base */ = {isa = PBXFileReference; lastKnownFileType = file.storyboard; name = Base; path = Base.lproj/LaunchScreen.storyboard; sourceTree = "<group>"; };
		F110081C23688AB9001F97B4 /* Info.plist */ = {isa = PBXFileReference; lastKnownFileType = text.plist.xml; path = Info.plist; sourceTree = "<group>"; };
		F110082223688AC3001F97B4 /* Apple Pay.entitlements */ = {isa = PBXFileReference; lastKnownFileType = text.plist.entitlements; path = "Apple Pay.entitlements"; sourceTree = "<group>"; };
		F110082323688B74001F97B4 /* ApplePayViewController.swift */ = {isa = PBXFileReference; fileEncoding = 4; lastKnownFileType = sourcecode.swift; path = ApplePayViewController.swift; sourceTree = "<group>"; };
/* End PBXFileReference section */

/* Begin PBXFrameworksBuildPhase section */
		F110080823688AB7001F97B4 /* Frameworks */ = {
			isa = PBXFrameworksBuildPhase;
			buildActionMask = 2147483647;
			files = (
				CF2E114EB1976EAA05CC44E9 /* Pods_Apple_Pay.framework in Frameworks */,
			);
			runOnlyForDeploymentPostprocessing = 0;
		};
/* End PBXFrameworksBuildPhase section */

/* Begin PBXGroup section */
		09D0B940F1971E11E63FB7D2 /* Frameworks */ = {
			isa = PBXGroup;
			children = (
				7FA3F955DB249B2800B8DAE5 /* Pods_Apple_Pay.framework */,
			);
			name = Frameworks;
			sourceTree = "<group>";
		};
		E1343B3E7210621C5C7668A2 /* Pods */ = {
			isa = PBXGroup;
			children = (
				C43DC387F6352BC4F18808A5 /* Pods-Apple Pay.debug.xcconfig */,
				CEC1620EB796A68E0D93B9BC /* Pods-Apple Pay.release.xcconfig */,
			);
			path = Pods;
			sourceTree = "<group>";
		};
		F110080223688AB7001F97B4 = {
			isa = PBXGroup;
			children = (
				F110080D23688AB7001F97B4 /* Apple Pay */,
				F110080C23688AB7001F97B4 /* Products */,
				E1343B3E7210621C5C7668A2 /* Pods */,
				09D0B940F1971E11E63FB7D2 /* Frameworks */,
			);
			sourceTree = "<group>";
		};
		F110080C23688AB7001F97B4 /* Products */ = {
			isa = PBXGroup;
			children = (
				F110080B23688AB7001F97B4 /* Apple Pay.app */,
			);
			name = Products;
			sourceTree = "<group>";
		};
		F110080D23688AB7001F97B4 /* Apple Pay */ = {
			isa = PBXGroup;
			children = (
				F110082223688AC3001F97B4 /* Apple Pay.entitlements */,
				F110080E23688AB7001F97B4 /* AppDelegate.swift */,
				F110081023688AB7001F97B4 /* SceneDelegate.swift */,
				F110082323688B74001F97B4 /* ApplePayViewController.swift */,
				F110081423688AB7001F97B4 /* Main.storyboard */,
				F110081723688AB9001F97B4 /* Assets.xcassets */,
				F110081923688AB9001F97B4 /* LaunchScreen.storyboard */,
				F110081C23688AB9001F97B4 /* Info.plist */,
			);
			path = "Apple Pay";
			sourceTree = "<group>";
		};
/* End PBXGroup section */

/* Begin PBXNativeTarget section */
		F110080A23688AB7001F97B4 /* Apple Pay */ = {
			isa = PBXNativeTarget;
			buildConfigurationList = F110081F23688AB9001F97B4 /* Build configuration list for PBXNativeTarget "Apple Pay" */;
			buildPhases = (
				630CAF6D6D09BB91B5FFD287 /* [CP] Check Pods Manifest.lock */,
				F110080723688AB7001F97B4 /* Sources */,
				F110080823688AB7001F97B4 /* Frameworks */,
				F110080923688AB7001F97B4 /* Resources */,
				BC530C6B9E8BF4B5C7F42C80 /* [CP] Embed Pods Frameworks */,
			);
			buildRules = (
			);
			dependencies = (
			);
			name = "Apple Pay";
			productName = "Apple Pay";
			productReference = F110080B23688AB7001F97B4 /* Apple Pay.app */;
			productType = "com.apple.product-type.application";
		};
/* End PBXNativeTarget section */

/* Begin PBXProject section */
		F110080323688AB7001F97B4 /* Project object */ = {
			isa = PBXProject;
			attributes = {
				LastSwiftUpdateCheck = 1100;
				LastUpgradeCheck = 1100;
				ORGANIZATIONNAME = 3Embed;
				TargetAttributes = {
					F110080A23688AB7001F97B4 = {
						CreatedOnToolsVersion = 11.0;
					};
				};
			};
			buildConfigurationList = F110080623688AB7001F97B4 /* Build configuration list for PBXProject "Apple Pay" */;
			compatibilityVersion = "Xcode 9.3";
			developmentRegion = en;
			hasScannedForEncodings = 0;
			knownRegions = (
				en,
				Base,
			);
			mainGroup = F110080223688AB7001F97B4;
			productRefGroup = F110080C23688AB7001F97B4 /* Products */;
			projectDirPath = "";
			projectRoot = "";
			targets = (
				F110080A23688AB7001F97B4 /* Apple Pay */,
			);
		};
/* End PBXProject section */

/* Begin PBXResourcesBuildPhase section */
		F110080923688AB7001F97B4 /* Resources */ = {
			isa = PBXResourcesBuildPhase;
			buildActionMask = 2147483647;
			files = (
				F110081B23688AB9001F97B4 /* LaunchScreen.storyboard in Resources */,
				F110081823688AB9001F97B4 /* Assets.xcassets in Resources */,
				F110081623688AB7001F97B4 /* Main.storyboard in Resources */,
			);
			runOnlyForDeploymentPostprocessing = 0;
		};
/* End PBXResourcesBuildPhase section */

/* Begin PBXShellScriptBuildPhase section */
		630CAF6D6D09BB91B5FFD287 /* [CP] Check Pods Manifest.lock */ = {
			isa = PBXShellScriptBuildPhase;
			buildActionMask = 2147483647;
			files = (
			);
			inputFileListPaths = (
			);
			inputPaths = (
				"${PODS_PODFILE_DIR_PATH}/Podfile.lock",
				"${PODS_ROOT}/Manifest.lock",
			);
			name = "[CP] Check Pods Manifest.lock";
			outputFileListPaths = (
			);
			outputPaths = (
				"$(DERIVED_FILE_DIR)/Pods-Apple Pay-checkManifestLockResult.txt",
			);
			runOnlyForDeploymentPostprocessing = 0;
			shellPath = /bin/sh;
			shellScript = "diff \"${PODS_PODFILE_DIR_PATH}/Podfile.lock\" \"${PODS_ROOT}/Manifest.lock\" > /dev/null\nif [ $? != 0 ] ; then\n    # print error to STDERR\n    echo \"error: The sandbox is not in sync with the Podfile.lock. Run 'pod install' or update your CocoaPods installation.\" >&2\n    exit 1\nfi\n# This output is used by Xcode 'outputs' to avoid re-running this script phase.\necho \"SUCCESS\" > \"${SCRIPT_OUTPUT_FILE_0}\"\n";
			showEnvVarsInLog = 0;
		};
		BC530C6B9E8BF4B5C7F42C80 /* [CP] Embed Pods Frameworks */ = {
			isa = PBXShellScriptBuildPhase;
			buildActionMask = 2147483647;
			files = (
			);
			inputFileListPaths = (
				"${PODS_ROOT}/Target Support Files/Pods-Apple Pay/Pods-Apple Pay-frameworks-${CONFIGURATION}-input-files.xcfilelist",
			);
			name = "[CP] Embed Pods Frameworks";
			outputFileListPaths = (
				"${PODS_ROOT}/Target Support Files/Pods-Apple Pay/Pods-Apple Pay-frameworks-${CONFIGURATION}-output-files.xcfilelist",
			);
			runOnlyForDeploymentPostprocessing = 0;
			shellPath = /bin/sh;
			shellScript = "\"${PODS_ROOT}/Target Support Files/Pods-Apple Pay/Pods-Apple Pay-frameworks.sh\"\n";
			showEnvVarsInLog = 0;
		};
/* End PBXShellScriptBuildPhase section */

/* Begin PBXSourcesBuildPhase section */
		F110080723688AB7001F97B4 /* Sources */ = {
			isa = PBXSourcesBuildPhase;
			buildActionMask = 2147483647;
			files = (
				F110080F23688AB7001F97B4 /* AppDelegate.swift in Sources */,
				F110082423688B74001F97B4 /* ApplePayViewController.swift in Sources */,
				F110081123688AB7001F97B4 /* SceneDelegate.swift in Sources */,
			);
			runOnlyForDeploymentPostprocessing = 0;
		};
/* End PBXSourcesBuildPhase section */

/* Begin PBXVariantGroup section */
		F110081423688AB7001F97B4 /* Main.storyboard */ = {
			isa = PBXVariantGroup;
			children = (
				F110081523688AB7001F97B4 /* Base */,
			);
			name = Main.storyboard;
			sourceTree = "<group>";
		};
		F110081923688AB9001F97B4 /* LaunchScreen.storyboard */ = {
			isa = PBXVariantGroup;
			children = (
				F110081A23688AB9001F97B4 /* Base */,
			);
			name = LaunchScreen.storyboard;
			sourceTree = "<group>";
		};
/* End PBXVariantGroup section */

/* Begin XCBuildConfiguration section */
		F110081D23688AB9001F97B4 /* Debug */ = {
			isa = XCBuildConfiguration;
			buildSettings = {
				ALWAYS_SEARCH_USER_PATHS = NO;
				CLANG_ANALYZER_NONNULL = YES;
				CLANG_ANALYZER_NUMBER_OBJECT_CONVERSION = YES_AGGRESSIVE;
				CLANG_CXX_LANGUAGE_STANDARD = "gnu++14";
				CLANG_CXX_LIBRARY = "libc++";
				CLANG_ENABLE_MODULES = YES;
				CLANG_ENABLE_OBJC_ARC = YES;
				CLANG_ENABLE_OBJC_WEAK = YES;
				CLANG_WARN_BLOCK_CAPTURE_AUTORELEASING = YES;
				CLANG_WARN_BOOL_CONVERSION = YES;
				CLANG_WARN_COMMA = YES;
				CLANG_WARN_CONSTANT_CONVERSION = YES;
				CLANG_WARN_DEPRECATED_OBJC_IMPLEMENTATIONS = YES;
				CLANG_WARN_DIRECT_OBJC_ISA_USAGE = YES_ERROR;
				CLANG_WARN_DOCUMENTATION_COMMENTS = YES;
				CLANG_WARN_EMPTY_BODY = YES;
				CLANG_WARN_ENUM_CONVERSION = YES;
				CLANG_WARN_INFINITE_RECURSION = YES;
				CLANG_WARN_INT_CONVERSION = YES;
				CLANG_WARN_NON_LITERAL_NULL_CONVERSION = YES;
				CLANG_WARN_OBJC_IMPLICIT_RETAIN_SELF = YES;
				CLANG_WARN_OBJC_LITERAL_CONVERSION = YES;
				CLANG_WARN_OBJC_ROOT_CLASS = YES_ERROR;
				CLANG_WARN_RANGE_LOOP_ANALYSIS = YES;
				CLANG_WARN_STRICT_PROTOTYPES = YES;
				CLANG_WARN_SUSPICIOUS_MOVE = YES;
				CLANG_WARN_UNGUARDED_AVAILABILITY = YES_AGGRESSIVE;
				CLANG_WARN_UNREACHABLE_CODE = YES;
				CLANG_WARN__DUPLICATE_METHOD_MATCH = YES;
				COPY_PHASE_STRIP = NO;
				DEBUG_INFORMATION_FORMAT = dwarf;
				ENABLE_STRICT_OBJC_MSGSEND = YES;
				ENABLE_TESTABILITY = YES;
				GCC_C_LANGUAGE_STANDARD = gnu11;
				GCC_DYNAMIC_NO_PIC = NO;
				GCC_NO_COMMON_BLOCKS = YES;
				GCC_OPTIMIZATION_LEVEL = 0;
				GCC_PREPROCESSOR_DEFINITIONS = (
					"DEBUG=1",
					"$(inherited)",
				);
				GCC_WARN_64_TO_32_BIT_CONVERSION = YES;
				GCC_WARN_ABOUT_RETURN_TYPE = YES_ERROR;
				GCC_WARN_UNDECLARED_SELECTOR = YES;
				GCC_WARN_UNINITIALIZED_AUTOS = YES_AGGRESSIVE;
				GCC_WARN_UNUSED_FUNCTION = YES;
				GCC_WARN_UNUSED_VARIABLE = YES;
				IPHONEOS_DEPLOYMENT_TARGET = 13.0;
				MTL_ENABLE_DEBUG_INFO = INCLUDE_SOURCE;
				MTL_FAST_MATH = YES;
				ONLY_ACTIVE_ARCH = YES;
				SDKROOT = iphoneos;
				SWIFT_ACTIVE_COMPILATION_CONDITIONS = DEBUG;
				SWIFT_OPTIMIZATION_LEVEL = "-Onone";
			};
			name = Debug;
		};
		F110081E23688AB9001F97B4 /* Release */ = {
			isa = XCBuildConfiguration;
			buildSettings = {
				ALWAYS_SEARCH_USER_PATHS = NO;
				CLANG_ANALYZER_NONNULL = YES;
				CLANG_ANALYZER_NUMBER_OBJECT_CONVERSION = YES_AGGRESSIVE;
				CLANG_CXX_LANGUAGE_STANDARD = "gnu++14";
				CLANG_CXX_LIBRARY = "libc++";
				CLANG_ENABLE_MODULES = YES;
				CLANG_ENABLE_OBJC_ARC = YES;
				CLANG_ENABLE_OBJC_WEAK = YES;
				CLANG_WARN_BLOCK_CAPTURE_AUTORELEASING = YES;
				CLANG_WARN_BOOL_CONVERSION = YES;
				CLANG_WARN_COMMA = YES;
				CLANG_WARN_CONSTANT_CONVERSION = YES;
				CLANG_WARN_DEPRECATED_OBJC_IMPLEMENTATIONS = YES;
				CLANG_WARN_DIRECT_OBJC_ISA_USAGE = YES_ERROR;
				CLANG_WARN_DOCUMENTATION_COMMENTS = YES;
				CLANG_WARN_EMPTY_BODY = YES;
				CLANG_WARN_ENUM_CONVERSION = YES;
				CLANG_WARN_INFINITE_RECURSION = YES;
				CLANG_WARN_INT_CONVERSION = YES;
				CLANG_WARN_NON_LITERAL_NULL_CONVERSION = YES;
				CLANG_WARN_OBJC_IMPLICIT_RETAIN_SELF = YES;
				CLANG_WARN_OBJC_LITERAL_CONVERSION = YES;
				CLANG_WARN_OBJC_ROOT_CLASS = YES_ERROR;
				CLANG_WARN_RANGE_LOOP_ANALYSIS = YES;
				CLANG_WARN_STRICT_PROTOTYPES = YES;
				CLANG_WARN_SUSPICIOUS_MOVE = YES;
				CLANG_WARN_UNGUARDED_AVAILABILITY = YES_AGGRESSIVE;
				CLANG_WARN_UNREACHABLE_CODE = YES;
				CLANG_WARN__DUPLICATE_METHOD_MATCH = YES;
				COPY_PHASE_STRIP = NO;
				DEBUG_INFORMATION_FORMAT = "dwarf-with-dsym";
				ENABLE_NS_ASSERTIONS = NO;
				ENABLE_STRICT_OBJC_MSGSEND = YES;
				GCC_C_LANGUAGE_STANDARD = gnu11;
				GCC_NO_COMMON_BLOCKS = YES;
				GCC_WARN_64_TO_32_BIT_CONVERSION = YES;
				GCC_WARN_ABOUT_RETURN_TYPE = YES_ERROR;
				GCC_WARN_UNDECLARED_SELECTOR = YES;
				GCC_WARN_UNINITIALIZED_AUTOS = YES_AGGRESSIVE;
				GCC_WARN_UNUSED_FUNCTION = YES;
				GCC_WARN_UNUSED_VARIABLE = YES;
				IPHONEOS_DEPLOYMENT_TARGET = 13.0;
				MTL_ENABLE_DEBUG_INFO = NO;
				MTL_FAST_MATH = YES;
				SDKROOT = iphoneos;
				SWIFT_COMPILATION_MODE = wholemodule;
				SWIFT_OPTIMIZATION_LEVEL = "-O";
				VALIDATE_PRODUCT = YES;
			};
			name = Release;
		};
		F110082023688AB9001F97B4 /* Debug */ = {
			isa = XCBuildConfiguration;
			baseConfigurationReference = C43DC387F6352BC4F18808A5 /* Pods-Apple Pay.debug.xcconfig */;
			buildSettings = {
				ASSETCATALOG_COMPILER_APPICON_NAME = AppIcon;
				CODE_SIGN_ENTITLEMENTS = "Apple Pay/Apple Pay.entitlements";
				CODE_SIGN_IDENTITY = "Apple Development";
				CODE_SIGN_STYLE = Automatic;
				DEVELOPMENT_TEAM = KVM95Z9KC7;
				INFOPLIST_FILE = "Apple Pay/Info.plist";
				LD_RUNPATH_SEARCH_PATHS = (
					"$(inherited)",
					"@executable_path/Frameworks",
				);
				PRODUCT_BUNDLE_IDENTIFIER = "com.applepay.demo.Apple-Pay";
				PRODUCT_NAME = "$(TARGET_NAME)";
				PROVISIONING_PROFILE_SPECIFIER = "";
				SWIFT_VERSION = 5.0;
				TARGETED_DEVICE_FAMILY = "1,2";
			};
			name = Debug;
		};
		F110082123688AB9001F97B4 /* Release */ = {
			isa = XCBuildConfiguration;
			baseConfigurationReference = CEC1620EB796A68E0D93B9BC /* Pods-Apple Pay.release.xcconfig */;
			buildSettings = {
				ASSETCATALOG_COMPILER_APPICON_NAME = AppIcon;
				CODE_SIGN_ENTITLEMENTS = "Apple Pay/Apple Pay.entitlements";
				CODE_SIGN_IDENTITY = "Apple Development";
				CODE_SIGN_STYLE = Automatic;
				DEVELOPMENT_TEAM = KVM95Z9KC7;
				INFOPLIST_FILE = "Apple Pay/Info.plist";
				LD_RUNPATH_SEARCH_PATHS = (
					"$(inherited)",
					"@executable_path/Frameworks",
				);
				PRODUCT_BUNDLE_IDENTIFIER = "com.applepay.demo.Apple-Pay";
				PRODUCT_NAME = "$(TARGET_NAME)";
				PROVISIONING_PROFILE_SPECIFIER = "";
				SWIFT_VERSION = 5.0;
				TARGETED_DEVICE_FAMILY = "1,2";
			};
			name = Release;
		};
/* End XCBuildConfiguration section */

/* Begin XCConfigurationList section */
		F110080623688AB7001F97B4 /* Build configuration list for PBXProject "Apple Pay" */ = {
			isa = XCConfigurationList;
			buildConfigurations = (
				F110081D23688AB9001F97B4 /* Debug */,
				F110081E23688AB9001F97B4 /* Release */,
			);
			defaultConfigurationIsVisible = 0;
			defaultConfigurationName = Release;
		};
		F110081F23688AB9001F97B4 /* Build configuration list for PBXNativeTarget "Apple Pay" */ = {
			isa = XCConfigurationList;
			buildConfigurations = (
				F110082023688AB9001F97B4 /* Debug */,
				F110082123688AB9001F97B4 /* Release */,
			);
			defaultConfigurationIsVisible = 0;
			defaultConfigurationName = Release;
		};
/* End XCConfigurationList section */
	};
	rootObject = F110080323688AB7001F97B4 /* Project object */;
}
